// !$*UTF8*$!
{
	archiveVersion = 1;
	classes = {
	};
	objectVersion = 48;
	objects = {

/* Begin PBXBuildFile section */
		6851567A1FC954DD003788B5 /* SpriteRenderer.cpp in Sources */ = {isa = PBXBuildFile; fileRef = 685155A21FC8E4EF003788B5 /* SpriteRenderer.cpp */; };
		6851568E1FCBC9F4003788B5 /* OpenGLUtils.cpp in Sources */ = {isa = PBXBuildFile; fileRef = 6851568D1FCBC9F4003788B5 /* OpenGLUtils.cpp */; };
		685156901FCBEADC003788B5 /* ShaderFactory.cpp in Sources */ = {isa = PBXBuildFile; fileRef = 6851568F1FCBEADC003788B5 /* ShaderFactory.cpp */; };
		68921EBC200D825C00A54ABF /* TextureFactory_iOS.mm in Sources */ = {isa = PBXBuildFile; fileRef = 68921EBB200D825C00A54ABF /* TextureFactory_iOS.mm */; };
		68921EBF200D89C300A54ABF /* GLKit.framework in Frameworks */ = {isa = PBXBuildFile; fileRef = 68921EBE200D89C300A54ABF /* GLKit.framework */; };
/* End PBXBuildFile section */

/* Begin PBXCopyFilesBuildPhase section */
		685155A81FC8FBD4003788B5 /* CopyFiles */ = {
			isa = PBXCopyFilesBuildPhase;
			buildActionMask = 2147483647;
			dstPath = "include/$(PRODUCT_NAME)";
			dstSubfolderSpec = 16;
			files = (
			);
			runOnlyForDeploymentPostprocessing = 0;
		};
/* End PBXCopyFilesBuildPhase section */

/* Begin PBXFileReference section */
		685155A21FC8E4EF003788B5 /* SpriteRenderer.cpp */ = {isa = PBXFileReference; lastKnownFileType = sourcecode.cpp.cpp; path = SpriteRenderer.cpp; sourceTree = "<group>"; };
		685155A31FC8E4EF003788B5 /* SpriteRenderer.h */ = {isa = PBXFileReference; lastKnownFileType = sourcecode.c.h; path = SpriteRenderer.h; sourceTree = "<group>"; };
		685155AA1FC8FBD4003788B5 /* libKEngineOpenGL.a */ = {isa = PBXFileReference; explicitFileType = archive.ar; includeInIndex = 0; path = libKEngineOpenGL.a; sourceTree = BUILT_PRODUCTS_DIR; };
		685156871FCB972C003788B5 /* OpenGLUtils.h */ = {isa = PBXFileReference; lastKnownFileType = sourcecode.c.h; path = OpenGLUtils.h; sourceTree = "<group>"; };
		685156881FCBA127003788B5 /* ShaderFactory.h */ = {isa = PBXFileReference; lastKnownFileType = sourcecode.c.h; path = ShaderFactory.h; sourceTree = "<group>"; };
		6851568D1FCBC9F4003788B5 /* OpenGLUtils.cpp */ = {isa = PBXFileReference; lastKnownFileType = sourcecode.cpp.cpp; path = OpenGLUtils.cpp; sourceTree = "<group>"; };
		6851568F1FCBEADC003788B5 /* ShaderFactory.cpp */ = {isa = PBXFileReference; lastKnownFileType = sourcecode.cpp.cpp; path = ShaderFactory.cpp; sourceTree = "<group>"; };
		68921E8C200C818100A54ABF /* TextureFactory.h */ = {isa = PBXFileReference; fileEncoding = 4; lastKnownFileType = sourcecode.c.h; path = TextureFactory.h; sourceTree = "<group>"; };
		68921EBB200D825C00A54ABF /* TextureFactory_iOS.mm */ = {isa = PBXFileReference; lastKnownFileType = sourcecode.cpp.objcpp; path = TextureFactory_iOS.mm; sourceTree = "<group>"; };
		68921EBE200D89C300A54ABF /* GLKit.framework */ = {isa = PBXFileReference; lastKnownFileType = wrapper.framework; name = GLKit.framework; path = Platforms/iPhoneOS.platform/Developer/SDKs/iPhoneOS11.2.sdk/System/Library/Frameworks/GLKit.framework; sourceTree = DEVELOPER_DIR; };
/* End PBXFileReference section */

/* Begin PBXFrameworksBuildPhase section */
		685155A71FC8FBD4003788B5 /* Frameworks */ = {
			isa = PBXFrameworksBuildPhase;
			buildActionMask = 2147483647;
			files = (
				68921EBF200D89C300A54ABF /* GLKit.framework in Frameworks */,
			);
			runOnlyForDeploymentPostprocessing = 0;
		};
/* End PBXFrameworksBuildPhase section */

/* Begin PBXGroup section */
		6851558F1FC8BD4A003788B5 = {
			isa = PBXGroup;
			children = (
				68921EBB200D825C00A54ABF /* TextureFactory_iOS.mm */,
				68921E8C200C818100A54ABF /* TextureFactory.h */,
				685156881FCBA127003788B5 /* ShaderFactory.h */,
				6851568F1FCBEADC003788B5 /* ShaderFactory.cpp */,
				685156871FCB972C003788B5 /* OpenGLUtils.h */,
				6851568D1FCBC9F4003788B5 /* OpenGLUtils.cpp */,
				685155A21FC8E4EF003788B5 /* SpriteRenderer.cpp */,
				685155A31FC8E4EF003788B5 /* SpriteRenderer.h */,
				685155991FC8BD4A003788B5 /* Products */,
				68921EBD200D89C200A54ABF /* Frameworks */,
			);
			sourceTree = "<group>";
		};
		685155991FC8BD4A003788B5 /* Products */ = {
			isa = PBXGroup;
			children = (
				685155AA1FC8FBD4003788B5 /* libKEngineOpenGL.a */,
			);
			name = Products;
			sourceTree = "<group>";
		};
		68921EBD200D89C200A54ABF /* Frameworks */ = {
			isa = PBXGroup;
			children = (
				68921EBE200D89C300A54ABF /* GLKit.framework */,
			);
			name = Frameworks;
			sourceTree = "<group>";
		};
/* End PBXGroup section */

/* Begin PBXNativeTarget section */
		685155A91FC8FBD4003788B5 /* KEngineOpenGL */ = {
			isa = PBXNativeTarget;
			buildConfigurationList = 685155B01FC8FBD4003788B5 /* Build configuration list for PBXNativeTarget "KEngineOpenGL" */;
			buildPhases = (
				685155A61FC8FBD4003788B5 /* Sources */,
				685155A71FC8FBD4003788B5 /* Frameworks */,
				685155A81FC8FBD4003788B5 /* CopyFiles */,
			);
			buildRules = (
			);
			dependencies = (
			);
			name = KEngineOpenGL;
			productName = KEngineOpenGL;
			productReference = 685155AA1FC8FBD4003788B5 /* libKEngineOpenGL.a */;
			productType = "com.apple.product-type.library.static";
		};
/* End PBXNativeTarget section */

/* Begin PBXProject section */
		685155901FC8BD4A003788B5 /* Project object */ = {
			isa = PBXProject;
			attributes = {
				LastUpgradeCheck = 0910;
				ORGANIZATIONNAME = "Kelson Hootman";
				TargetAttributes = {
					685155A91FC8FBD4003788B5 = {
						CreatedOnToolsVersion = 9.1;
						ProvisioningStyle = Automatic;
					};
				};
			};
			buildConfigurationList = 685155931FC8BD4A003788B5 /* Build configuration list for PBXProject "KEngineOpenGL" */;
			compatibilityVersion = "Xcode 8.0";
			developmentRegion = en;
			hasScannedForEncodings = 0;
			knownRegions = (
				en,
			);
			mainGroup = 6851558F1FC8BD4A003788B5;
			productRefGroup = 685155991FC8BD4A003788B5 /* Products */;
			projectDirPath = "";
			projectRoot = "";
			targets = (
				685155A91FC8FBD4003788B5 /* KEngineOpenGL */,
			);
		};
/* End PBXProject section */

/* Begin PBXSourcesBuildPhase section */
		685155A61FC8FBD4003788B5 /* Sources */ = {
			isa = PBXSourcesBuildPhase;
			buildActionMask = 2147483647;
			files = (
				6851568E1FCBC9F4003788B5 /* OpenGLUtils.cpp in Sources */,
				685156901FCBEADC003788B5 /* ShaderFactory.cpp in Sources */,
				6851567A1FC954DD003788B5 /* SpriteRenderer.cpp in Sources */,
				68921EBC200D825C00A54ABF /* TextureFactory_iOS.mm in Sources */,
			);
			runOnlyForDeploymentPostprocessing = 0;
		};
/* End PBXSourcesBuildPhase section */

/* Begin XCBuildConfiguration section */
		6851559A1FC8BD4A003788B5 /* Debug */ = {
			isa = XCBuildConfiguration;
			buildSettings = {
				ALWAYS_SEARCH_USER_PATHS = NO;
				CLANG_ANALYZER_NONNULL = YES;
				CLANG_ANALYZER_NUMBER_OBJECT_CONVERSION = YES_AGGRESSIVE;
				CLANG_CXX_LANGUAGE_STANDARD = "gnu++14";
				CLANG_CXX_LIBRARY = "libc++";
				CLANG_ENABLE_MODULES = YES;
				CLANG_ENABLE_OBJC_ARC = YES;
				CLANG_WARN_BLOCK_CAPTURE_AUTORELEASING = YES;
				CLANG_WARN_BOOL_CONVERSION = YES;
				CLANG_WARN_COMMA = YES;
				CLANG_WARN_CONSTANT_CONVERSION = YES;
				CLANG_WARN_DIRECT_OBJC_ISA_USAGE = YES_ERROR;
				CLANG_WARN_DOCUMENTATION_COMMENTS = YES;
				CLANG_WARN_EMPTY_BODY = YES;
				CLANG_WARN_ENUM_CONVERSION = YES;
				CLANG_WARN_INFINITE_RECURSION = YES;
				CLANG_WARN_INT_CONVERSION = YES;
				CLANG_WARN_NON_LITERAL_NULL_CONVERSION = YES;
				CLANG_WARN_OBJC_LITERAL_CONVERSION = YES;
				CLANG_WARN_OBJC_ROOT_CLASS = YES_ERROR;
				CLANG_WARN_RANGE_LOOP_ANALYSIS = YES;
				CLANG_WARN_STRICT_PROTOTYPES = YES;
				CLANG_WARN_SUSPICIOUS_MOVE = YES;
				CLANG_WARN_UNGUARDED_AVAILABILITY = YES_AGGRESSIVE;
				CLANG_WARN_UNREACHABLE_CODE = YES;
				CLANG_WARN__DUPLICATE_METHOD_MATCH = YES;
				CODE_SIGN_IDENTITY = "Mac Developer";
				COPY_PHASE_STRIP = NO;
				DEBUG_INFORMATION_FORMAT = dwarf;
				ENABLE_STRICT_OBJC_MSGSEND = YES;
				ENABLE_TESTABILITY = YES;
				GCC_C_LANGUAGE_STANDARD = gnu11;
				GCC_DYNAMIC_NO_PIC = NO;
				GCC_NO_COMMON_BLOCKS = YES;
				GCC_OPTIMIZATION_LEVEL = 0;
				GCC_PREPROCESSOR_DEFINITIONS = (
					"DEBUG=1",
					"$(inherited)",
				);
				GCC_WARN_64_TO_32_BIT_CONVERSION = YES;
				GCC_WARN_ABOUT_RETURN_TYPE = YES_ERROR;
				GCC_WARN_UNDECLARED_SELECTOR = YES;
				GCC_WARN_UNINITIALIZED_AUTOS = YES_AGGRESSIVE;
				GCC_WARN_UNUSED_FUNCTION = YES;
				GCC_WARN_UNUSED_VARIABLE = YES;
				HEADER_SEARCH_PATHS = (
					../KEngine2D,
					../KEngineCore,
				);
				MACOSX_DEPLOYMENT_TARGET = 10.12;
				MTL_ENABLE_DEBUG_INFO = YES;
				ONLY_ACTIVE_ARCH = YES;
				SDKROOT = macosx;
			};
			name = Debug;
		};
		6851559B1FC8BD4A003788B5 /* Release */ = {
			isa = XCBuildConfiguration;
			buildSettings = {
				ALWAYS_SEARCH_USER_PATHS = NO;
				CLANG_ANALYZER_NONNULL = YES;
				CLANG_ANALYZER_NUMBER_OBJECT_CONVERSION = YES_AGGRESSIVE;
				CLANG_CXX_LANGUAGE_STANDARD = "gnu++14";
				CLANG_CXX_LIBRARY = "libc++";
				CLANG_ENABLE_MODULES = YES;
				CLANG_ENABLE_OBJC_ARC = YES;
				CLANG_WARN_BLOCK_CAPTURE_AUTORELEASING = YES;
				CLANG_WARN_BOOL_CONVERSION = YES;
				CLANG_WARN_COMMA = YES;
				CLANG_WARN_CONSTANT_CONVERSION = YES;
				CLANG_WARN_DIRECT_OBJC_ISA_USAGE = YES_ERROR;
				CLANG_WARN_DOCUMENTATION_COMMENTS = YES;
				CLANG_WARN_EMPTY_BODY = YES;
				CLANG_WARN_ENUM_CONVERSION = YES;
				CLANG_WARN_INFINITE_RECURSION = YES;
				CLANG_WARN_INT_CONVERSION = YES;
				CLANG_WARN_NON_LITERAL_NULL_CONVERSION = YES;
				CLANG_WARN_OBJC_LITERAL_CONVERSION = YES;
				CLANG_WARN_OBJC_ROOT_CLASS = YES_ERROR;
				CLANG_WARN_RANGE_LOOP_ANALYSIS = YES;
				CLANG_WARN_STRICT_PROTOTYPES = YES;
				CLANG_WARN_SUSPICIOUS_MOVE = YES;
				CLANG_WARN_UNGUARDED_AVAILABILITY = YES_AGGRESSIVE;
				CLANG_WARN_UNREACHABLE_CODE = YES;
				CLANG_WARN__DUPLICATE_METHOD_MATCH = YES;
				CODE_SIGN_IDENTITY = "Mac Developer";
				COPY_PHASE_STRIP = NO;
				DEBUG_INFORMATION_FORMAT = "dwarf-with-dsym";
				ENABLE_NS_ASSERTIONS = NO;
				ENABLE_STRICT_OBJC_MSGSEND = YES;
				GCC_C_LANGUAGE_STANDARD = gnu11;
				GCC_NO_COMMON_BLOCKS = YES;
				GCC_WARN_64_TO_32_BIT_CONVERSION = YES;
				GCC_WARN_ABOUT_RETURN_TYPE = YES_ERROR;
				GCC_WARN_UNDECLARED_SELECTOR = YES;
				GCC_WARN_UNINITIALIZED_AUTOS = YES_AGGRESSIVE;
				GCC_WARN_UNUSED_FUNCTION = YES;
				GCC_WARN_UNUSED_VARIABLE = YES;
				HEADER_SEARCH_PATHS = (
					../KEngine2D,
					../KEngineCore,
				);
				MACOSX_DEPLOYMENT_TARGET = 10.12;
				MTL_ENABLE_DEBUG_INFO = NO;
				SDKROOT = macosx;
			};
			name = Release;
		};
		685155B11FC8FBD4003788B5 /* Debug */ = {
			isa = XCBuildConfiguration;
			buildSettings = {
				CODE_SIGN_IDENTITY = "iPhone Developer";
				CODE_SIGN_STYLE = Automatic;
				DEVELOPMENT_TEAM = 63S2K4J3JC;
				IPHONEOS_DEPLOYMENT_TARGET = 11.1;
				OTHER_LDFLAGS = "-ObjC";
				PRODUCT_NAME = "$(TARGET_NAME)";
				SDKROOT = iphoneos;
				SKIP_INSTALL = YES;
				TARGETED_DEVICE_FAMILY = "1,2";
			};
			name = Debug;
		};
		685155B21FC8FBD4003788B5 /* Release */ = {
			isa = XCBuildConfiguration;
			buildSettings = {
				CODE_SIGN_IDENTITY = "iPhone Developer";
				CODE_SIGN_STYLE = Automatic;
				DEVELOPMENT_TEAM = 63S2K4J3JC;
				IPHONEOS_DEPLOYMENT_TARGET = 11.1;
				OTHER_LDFLAGS = "-ObjC";
				PRODUCT_NAME = "$(TARGET_NAME)";
				SDKROOT = iphoneos;
				SKIP_INSTALL = YES;
				TARGETED_DEVICE_FAMILY = "1,2";
				VALIDATE_PRODUCT = YES;
			};
			name = Release;
		};
/* End XCBuildConfiguration section */

/* Begin XCConfigurationList section */
		685155931FC8BD4A003788B5 /* Build configuration list for PBXProject "KEngineOpenGL" */ = {
			isa = XCConfigurationList;
			buildConfigurations = (
				6851559A1FC8BD4A003788B5 /* Debug */,
				6851559B1FC8BD4A003788B5 /* Release */,
			);
			defaultConfigurationIsVisible = 0;
			defaultConfigurationName = Release;
		};
		685155B01FC8FBD4003788B5 /* Build configuration list for PBXNativeTarget "KEngineOpenGL" */ = {
			isa = XCConfigurationList;
			buildConfigurations = (
				685155B11FC8FBD4003788B5 /* Debug */,
				685155B21FC8FBD4003788B5 /* Release */,
			);
			defaultConfigurationIsVisible = 0;
			defaultConfigurationName = Release;
		};
/* End XCConfigurationList section */
	};
	rootObject = 685155901FC8BD4A003788B5 /* Project object */;
}
